
Microsoft Visual Studio Solution File, Format Version 12.00
# Visual Studio Version 17
VisualStudioVersion = 17.9.34728.123
MinimumVisualStudioVersion = 10.0.40219.1
Project("{FAE04EC0-301F-11D3-BF4B-00C04F79EFBC}") = "ApiReconocimientoVoz", "ApiReconocimientoVoz\ApiReconocimientoVoz.csproj", "{CEEDECB6-198D-4CB8-8463-DA604BA5DF73}"
EndProject
Global
	GlobalSection(SolutionConfigurationPlatforms) = preSolution
		Debug|Any CPU = Debug|Any CPU
		Release|Any CPU = Release|Any CPU
	EndGlobalSection
	GlobalSection(ProjectConfigurationPlatforms) = postSolution
		{CEEDECB6-198D-4CB8-8463-DA604BA5DF73}.Debug|Any CPU.ActiveCfg = Debug|Any CPU
		{CEEDECB6-198D-4CB8-8463-DA604BA5DF73}.Debug|Any CPU.Build.0 = Debug|Any CPU
		{CEEDECB6-198D-4CB8-8463-DA604BA5DF73}.Release|Any CPU.ActiveCfg = Release|Any CPU
		{CEEDECB6-198D-4CB8-8463-DA604BA5DF73}.Release|Any CPU.Build.0 = Release|Any CPU
	EndGlobalSection
	GlobalSection(SolutionProperties) = preSolution
		HideSolutionNode = FALSE
	EndGlobalSection
	GlobalSection(ExtensibilityGlobals) = postSolution
		SolutionGuid = {B0E354F5-EA87-47A8-B7AC-14BD3EAD56FC}
	EndGlobalSection
EndGlobal
